
Microsoft Visual Studio Solution File, Format Version 12.00
# Visual Studio Version 16
VisualStudioVersion = 16.0.30413.136
MinimumVisualStudioVersion = 10.0.40219.1
Project("{FAE04EC0-301F-11D3-BF4B-00C04F79EFBC}") = "exam2_F20", "exam2_F20\exam2_F20.csproj", "{17D5EC3F-EC6F-4F9D-965A-748F2BE71A90}"
EndProject
Global
	GlobalSection(SolutionConfigurationPlatforms) = preSolution
		Debug|Any CPU = Debug|Any CPU
		Release|Any CPU = Release|Any CPU
	EndGlobalSection
	GlobalSection(ProjectConfigurationPlatforms) = postSolution
		{17D5EC3F-EC6F-4F9D-965A-748F2BE71A90}.Debug|Any CPU.ActiveCfg = Debug|Any CPU
		{17D5EC3F-EC6F-4F9D-965A-748F2BE71A90}.Debug|Any CPU.Build.0 = Debug|Any CPU
		{17D5EC3F-EC6F-4F9D-965A-748F2BE71A90}.Release|Any CPU.ActiveCfg = Release|Any CPU
		{17D5EC3F-EC6F-4F9D-965A-748F2BE71A90}.Release|Any CPU.Build.0 = Release|Any CPU
	EndGlobalSection
	GlobalSection(SolutionProperties) = preSolution
		HideSolutionNode = FALSE
	EndGlobalSection
	GlobalSection(ExtensibilityGlobals) = postSolution
		SolutionGuid = {130AAA7F-9C35-49D4-ADEC-FBCEF4D2EEAA}
	EndGlobalSection
EndGlobal
