
Microsoft Visual Studio Solution File, Format Version 12.00
# Visual Studio Version 16
VisualStudioVersion = 16.0.30413.136
MinimumVisualStudioVersion = 10.0.40219.1
Project("{FAE04EC0-301F-11D3-BF4B-00C04F79EFBC}") = "CIS199E1F20", "CIS199E1F20.csproj", "{3AD02CA0-1656-48EF-9657-A7039B1AF95A}"
EndProject
Global
	GlobalSection(SolutionConfigurationPlatforms) = preSolution
		Debug|Any CPU = Debug|Any CPU
		Release|Any CPU = Release|Any CPU
	EndGlobalSection
	GlobalSection(ProjectConfigurationPlatforms) = postSolution
		{3AD02CA0-1656-48EF-9657-A7039B1AF95A}.Debug|Any CPU.ActiveCfg = Debug|Any CPU
		{3AD02CA0-1656-48EF-9657-A7039B1AF95A}.Debug|Any CPU.Build.0 = Debug|Any CPU
		{3AD02CA0-1656-48EF-9657-A7039B1AF95A}.Release|Any CPU.ActiveCfg = Release|Any CPU
		{3AD02CA0-1656-48EF-9657-A7039B1AF95A}.Release|Any CPU.Build.0 = Release|Any CPU
	EndGlobalSection
	GlobalSection(SolutionProperties) = preSolution
		HideSolutionNode = FALSE
	EndGlobalSection
	GlobalSection(ExtensibilityGlobals) = postSolution
		SolutionGuid = {C1A3A76A-3DD4-418F-AE20-372D1617ABF5}
	EndGlobalSection
EndGlobal
